// !$*UTF8*$!
{
	archiveVersion = 1;
	classes = {
	};
	objectVersion = 46;
	objects = {

/* Begin PBXBuildFile section */
		9C55CE6E1F4E278A00AB541A /* AppDelegate.swift in Sources */ = {isa = PBXBuildFile; fileRef = 9C55CE6D1F4E278A00AB541A /* AppDelegate.swift */; };
		9C55CE701F4E278A00AB541A /* ViewController.swift in Sources */ = {isa = PBXBuildFile; fileRef = 9C55CE6F1F4E278A00AB541A /* ViewController.swift */; };
		9C55CE721F4E278A00AB541A /* Assets.xcassets in Resources */ = {isa = PBXBuildFile; fileRef = 9C55CE711F4E278A00AB541A /* Assets.xcassets */; };
		9C55CE751F4E278A00AB541A /* Main.storyboard in Resources */ = {isa = PBXBuildFile; fileRef = 9C55CE731F4E278A00AB541A /* Main.storyboard */; };
		9C55CE801F4E278A00AB541A /* VideoCaptureTests.swift in Sources */ = {isa = PBXBuildFile; fileRef = 9C55CE7F1F4E278A00AB541A /* VideoCaptureTests.swift */; };
		9C55CE8B1F4E278A00AB541A /* VideoCaptureUITests.swift in Sources */ = {isa = PBXBuildFile; fileRef = 9C55CE8A1F4E278A00AB541A /* VideoCaptureUITests.swift */; };
/* End PBXBuildFile section */

/* Begin PBXContainerItemProxy section */
		9C55CE7C1F4E278A00AB541A /* PBXContainerItemProxy */ = {
			isa = PBXContainerItemProxy;
			containerPortal = 9C55CE621F4E278A00AB541A /* Project object */;
			proxyType = 1;
			remoteGlobalIDString = 9C55CE691F4E278A00AB541A;
			remoteInfo = VideoCapture;
		};
		9C55CE871F4E278A00AB541A /* PBXContainerItemProxy */ = {
			isa = PBXContainerItemProxy;
			containerPortal = 9C55CE621F4E278A00AB541A /* Project object */;
			proxyType = 1;
			remoteGlobalIDString = 9C55CE691F4E278A00AB541A;
			remoteInfo = VideoCapture;
		};
/* End PBXContainerItemProxy section */

/* Begin PBXFileReference section */
		9C55CE6A1F4E278A00AB541A /* VideoCapture.app */ = {isa = PBXFileReference; explicitFileType = wrapper.application; includeInIndex = 0; path = VideoCapture.app; sourceTree = BUILT_PRODUCTS_DIR; };
		9C55CE6D1F4E278A00AB541A /* AppDelegate.swift */ = {isa = PBXFileReference; lastKnownFileType = sourcecode.swift; path = AppDelegate.swift; sourceTree = "<group>"; };
		9C55CE6F1F4E278A00AB541A /* ViewController.swift */ = {isa = PBXFileReference; lastKnownFileType = sourcecode.swift; path = ViewController.swift; sourceTree = "<group>"; };
		9C55CE711F4E278A00AB541A /* Assets.xcassets */ = {isa = PBXFileReference; lastKnownFileType = folder.assetcatalog; path = Assets.xcassets; sourceTree = "<group>"; };
		9C55CE741F4E278A00AB541A /* Base */ = {isa = PBXFileReference; lastKnownFileType = file.storyboard; name = Base; path = Base.lproj/Main.storyboard; sourceTree = "<group>"; };
		9C55CE761F4E278A00AB541A /* Info.plist */ = {isa = PBXFileReference; lastKnownFileType = text.plist.xml; path = Info.plist; sourceTree = "<group>"; };
		9C55CE7B1F4E278A00AB541A /* VideoCaptureTests.xctest */ = {isa = PBXFileReference; explicitFileType = wrapper.cfbundle; includeInIndex = 0; path = VideoCaptureTests.xctest; sourceTree = BUILT_PRODUCTS_DIR; };
		9C55CE7F1F4E278A00AB541A /* VideoCaptureTests.swift */ = {isa = PBXFileReference; lastKnownFileType = sourcecode.swift; path = VideoCaptureTests.swift; sourceTree = "<group>"; };
		9C55CE811F4E278A00AB541A /* Info.plist */ = {isa = PBXFileReference; lastKnownFileType = text.plist.xml; path = Info.plist; sourceTree = "<group>"; };
		9C55CE861F4E278A00AB541A /* VideoCaptureUITests.xctest */ = {isa = PBXFileReference; explicitFileType = wrapper.cfbundle; includeInIndex = 0; path = VideoCaptureUITests.xctest; sourceTree = BUILT_PRODUCTS_DIR; };
		9C55CE8A1F4E278A00AB541A /* VideoCaptureUITests.swift */ = {isa = PBXFileReference; lastKnownFileType = sourcecode.swift; path = VideoCaptureUITests.swift; sourceTree = "<group>"; };
		9C55CE8C1F4E278A00AB541A /* Info.plist */ = {isa = PBXFileReference; lastKnownFileType = text.plist.xml; path = Info.plist; sourceTree = "<group>"; };
/* End PBXFileReference section */

/* Begin PBXFrameworksBuildPhase section */
		9C55CE671F4E278A00AB541A /* Frameworks */ = {
			isa = PBXFrameworksBuildPhase;
			buildActionMask = 2147483647;
			files = (
			);
			runOnlyForDeploymentPostprocessing = 0;
		};
		9C55CE781F4E278A00AB541A /* Frameworks */ = {
			isa = PBXFrameworksBuildPhase;
			buildActionMask = 2147483647;
			files = (
			);
			runOnlyForDeploymentPostprocessing = 0;
		};
		9C55CE831F4E278A00AB541A /* Frameworks */ = {
			isa = PBXFrameworksBuildPhase;
			buildActionMask = 2147483647;
			files = (
			);
			runOnlyForDeploymentPostprocessing = 0;
		};
/* End PBXFrameworksBuildPhase section */

/* Begin PBXGroup section */
		9C55CE611F4E278A00AB541A = {
			isa = PBXGroup;
			children = (
				9C55CE6C1F4E278A00AB541A /* VideoCapture */,
				9C55CE7E1F4E278A00AB541A /* VideoCaptureTests */,
				9C55CE891F4E278A00AB541A /* VideoCaptureUITests */,
				9C55CE6B1F4E278A00AB541A /* Products */,
			);
			sourceTree = "<group>";
		};
		9C55CE6B1F4E278A00AB541A /* Products */ = {
			isa = PBXGroup;
			children = (
				9C55CE6A1F4E278A00AB541A /* VideoCapture.app */,
				9C55CE7B1F4E278A00AB541A /* VideoCaptureTests.xctest */,
				9C55CE861F4E278A00AB541A /* VideoCaptureUITests.xctest */,
			);
			name = Products;
			sourceTree = "<group>";
		};
		9C55CE6C1F4E278A00AB541A /* VideoCapture */ = {
			isa = PBXGroup;
			children = (
				9C55CE6D1F4E278A00AB541A /* AppDelegate.swift */,
				9C55CE6F1F4E278A00AB541A /* ViewController.swift */,
				9C55CE711F4E278A00AB541A /* Assets.xcassets */,
				9C55CE731F4E278A00AB541A /* Main.storyboard */,
				9C55CE761F4E278A00AB541A /* Info.plist */,
			);
			path = VideoCapture;
			sourceTree = "<group>";
		};
		9C55CE7E1F4E278A00AB541A /* VideoCaptureTests */ = {
			isa = PBXGroup;
			children = (
				9C55CE7F1F4E278A00AB541A /* VideoCaptureTests.swift */,
				9C55CE811F4E278A00AB541A /* Info.plist */,
			);
			path = VideoCaptureTests;
			sourceTree = "<group>";
		};
		9C55CE891F4E278A00AB541A /* VideoCaptureUITests */ = {
			isa = PBXGroup;
			children = (
				9C55CE8A1F4E278A00AB541A /* VideoCaptureUITests.swift */,
				9C55CE8C1F4E278A00AB541A /* Info.plist */,
			);
			path = VideoCaptureUITests;
			sourceTree = "<group>";
		};
/* End PBXGroup section */

/* Begin PBXNativeTarget section */
		9C55CE691F4E278A00AB541A /* VideoCapture */ = {
			isa = PBXNativeTarget;
			buildConfigurationList = 9C55CE8F1F4E278A00AB541A /* Build configuration list for PBXNativeTarget "VideoCapture" */;
			buildPhases = (
				9C55CE661F4E278A00AB541A /* Sources */,
				9C55CE671F4E278A00AB541A /* Frameworks */,
				9C55CE681F4E278A00AB541A /* Resources */,
			);
			buildRules = (
			);
			dependencies = (
			);
			name = VideoCapture;
			productName = VideoCapture;
			productReference = 9C55CE6A1F4E278A00AB541A /* VideoCapture.app */;
			productType = "com.apple.product-type.application";
		};
		9C55CE7A1F4E278A00AB541A /* VideoCaptureTests */ = {
			isa = PBXNativeTarget;
			buildConfigurationList = 9C55CE921F4E278A00AB541A /* Build configuration list for PBXNativeTarget "VideoCaptureTests" */;
			buildPhases = (
				9C55CE771F4E278A00AB541A /* Sources */,
				9C55CE781F4E278A00AB541A /* Frameworks */,
				9C55CE791F4E278A00AB541A /* Resources */,
			);
			buildRules = (
			);
			dependencies = (
				9C55CE7D1F4E278A00AB541A /* PBXTargetDependency */,
			);
			name = VideoCaptureTests;
			productName = VideoCaptureTests;
			productReference = 9C55CE7B1F4E278A00AB541A /* VideoCaptureTests.xctest */;
			productType = "com.apple.product-type.bundle.unit-test";
		};
		9C55CE851F4E278A00AB541A /* VideoCaptureUITests */ = {
			isa = PBXNativeTarget;
			buildConfigurationList = 9C55CE951F4E278A00AB541A /* Build configuration list for PBXNativeTarget "VideoCaptureUITests" */;
			buildPhases = (
				9C55CE821F4E278A00AB541A /* Sources */,
				9C55CE831F4E278A00AB541A /* Frameworks */,
				9C55CE841F4E278A00AB541A /* Resources */,
			);
			buildRules = (
			);
			dependencies = (
				9C55CE881F4E278A00AB541A /* PBXTargetDependency */,
			);
			name = VideoCaptureUITests;
			productName = VideoCaptureUITests;
			productReference = 9C55CE861F4E278A00AB541A /* VideoCaptureUITests.xctest */;
			productType = "com.apple.product-type.bundle.ui-testing";
		};
/* End PBXNativeTarget section */

/* Begin PBXProject section */
		9C55CE621F4E278A00AB541A /* Project object */ = {
			isa = PBXProject;
			attributes = {
				LastSwiftUpdateCheck = 0830;
				LastUpgradeCheck = 0830;
				ORGANIZATIONNAME = "Maxime Moison";
				TargetAttributes = {
					9C55CE691F4E278A00AB541A = {
						CreatedOnToolsVersion = 8.3.3;
						ProvisioningStyle = Automatic;
					};
					9C55CE7A1F4E278A00AB541A = {
						CreatedOnToolsVersion = 8.3.3;
						DevelopmentTeam = TZ3XHXCR9A;
						ProvisioningStyle = Automatic;
						TestTargetID = 9C55CE691F4E278A00AB541A;
					};
					9C55CE851F4E278A00AB541A = {
						CreatedOnToolsVersion = 8.3.3;
						DevelopmentTeam = TZ3XHXCR9A;
						ProvisioningStyle = Automatic;
						TestTargetID = 9C55CE691F4E278A00AB541A;
					};
				};
			};
			buildConfigurationList = 9C55CE651F4E278A00AB541A /* Build configuration list for PBXProject "VideoCapture" */;
			compatibilityVersion = "Xcode 3.2";
			developmentRegion = English;
			hasScannedForEncodings = 0;
			knownRegions = (
				en,
				Base,
			);
			mainGroup = 9C55CE611F4E278A00AB541A;
			productRefGroup = 9C55CE6B1F4E278A00AB541A /* Products */;
			projectDirPath = "";
			projectRoot = "";
			targets = (
				9C55CE691F4E278A00AB541A /* VideoCapture */,
				9C55CE7A1F4E278A00AB541A /* VideoCaptureTests */,
				9C55CE851F4E278A00AB541A /* VideoCaptureUITests */,
			);
		};
/* End PBXProject section */

/* Begin PBXResourcesBuildPhase section */
		9C55CE681F4E278A00AB541A /* Resources */ = {
			isa = PBXResourcesBuildPhase;
			buildActionMask = 2147483647;
			files = (
				9C55CE721F4E278A00AB541A /* Assets.xcassets in Resources */,
				9C55CE751F4E278A00AB541A /* Main.storyboard in Resources */,
			);
			runOnlyForDeploymentPostprocessing = 0;
		};
		9C55CE791F4E278A00AB541A /* Resources */ = {
			isa = PBXResourcesBuildPhase;
			buildActionMask = 2147483647;
			files = (
			);
			runOnlyForDeploymentPostprocessing = 0;
		};
		9C55CE841F4E278A00AB541A /* Resources */ = {
			isa = PBXResourcesBuildPhase;
			buildActionMask = 2147483647;
			files = (
			);
			runOnlyForDeploymentPostprocessing = 0;
		};
/* End PBXResourcesBuildPhase section */

/* Begin PBXSourcesBuildPhase section */
		9C55CE661F4E278A00AB541A /* Sources */ = {
			isa = PBXSourcesBuildPhase;
			buildActionMask = 2147483647;
			files = (
				9C55CE701F4E278A00AB541A /* ViewController.swift in Sources */,
				9C55CE6E1F4E278A00AB541A /* AppDelegate.swift in Sources */,
			);
			runOnlyForDeploymentPostprocessing = 0;
		};
		9C55CE771F4E278A00AB541A /* Sources */ = {
			isa = PBXSourcesBuildPhase;
			buildActionMask = 2147483647;
			files = (
				9C55CE801F4E278A00AB541A /* VideoCaptureTests.swift in Sources */,
			);
			runOnlyForDeploymentPostprocessing = 0;
		};
		9C55CE821F4E278A00AB541A /* Sources */ = {
			isa = PBXSourcesBuildPhase;
			buildActionMask = 2147483647;
			files = (
				9C55CE8B1F4E278A00AB541A /* VideoCaptureUITests.swift in Sources */,
			);
			runOnlyForDeploymentPostprocessing = 0;
		};
/* End PBXSourcesBuildPhase section */

/* Begin PBXTargetDependency section */
		9C55CE7D1F4E278A00AB541A /* PBXTargetDependency */ = {
			isa = PBXTargetDependency;
			target = 9C55CE691F4E278A00AB541A /* VideoCapture */;
			targetProxy = 9C55CE7C1F4E278A00AB541A /* PBXContainerItemProxy */;
		};
		9C55CE881F4E278A00AB541A /* PBXTargetDependency */ = {
			isa = PBXTargetDependency;
			target = 9C55CE691F4E278A00AB541A /* VideoCapture */;
			targetProxy = 9C55CE871F4E278A00AB541A /* PBXContainerItemProxy */;
		};
/* End PBXTargetDependency section */

/* Begin PBXVariantGroup section */
		9C55CE731F4E278A00AB541A /* Main.storyboard */ = {
			isa = PBXVariantGroup;
			children = (
				9C55CE741F4E278A00AB541A /* Base */,
			);
			name = Main.storyboard;
			sourceTree = "<group>";
		};
/* End PBXVariantGroup section */

/* Begin XCBuildConfiguration section */
		9C55CE8D1F4E278A00AB541A /* Debug */ = {
			isa = XCBuildConfiguration;
			buildSettings = {
				ALWAYS_SEARCH_USER_PATHS = NO;
				CLANG_ANALYZER_NONNULL = YES;
				CLANG_ANALYZER_NUMBER_OBJECT_CONVERSION = YES_AGGRESSIVE;
				CLANG_CXX_LANGUAGE_STANDARD = "gnu++0x";
				CLANG_CXX_LIBRARY = "libc++";
				CLANG_ENABLE_MODULES = YES;
				CLANG_ENABLE_OBJC_ARC = YES;
				CLANG_WARN_BOOL_CONVERSION = YES;
				CLANG_WARN_CONSTANT_CONVERSION = YES;
				CLANG_WARN_DIRECT_OBJC_ISA_USAGE = YES_ERROR;
				CLANG_WARN_DOCUMENTATION_COMMENTS = YES;
				CLANG_WARN_EMPTY_BODY = YES;
				CLANG_WARN_ENUM_CONVERSION = YES;
				CLANG_WARN_INFINITE_RECURSION = YES;
				CLANG_WARN_INT_CONVERSION = YES;
				CLANG_WARN_OBJC_ROOT_CLASS = YES_ERROR;
				CLANG_WARN_SUSPICIOUS_MOVE = YES;
				CLANG_WARN_UNREACHABLE_CODE = YES;
				CLANG_WARN__DUPLICATE_METHOD_MATCH = YES;
				CODE_SIGN_IDENTITY = "-";
				COPY_PHASE_STRIP = NO;
				DEBUG_INFORMATION_FORMAT = dwarf;
				ENABLE_STRICT_OBJC_MSGSEND = YES;
				ENABLE_TESTABILITY = YES;
				GCC_C_LANGUAGE_STANDARD = gnu99;
				GCC_DYNAMIC_NO_PIC = NO;
				GCC_NO_COMMON_BLOCKS = YES;
				GCC_OPTIMIZATION_LEVEL = 0;
				GCC_PREPROCESSOR_DEFINITIONS = (
					"DEBUG=1",
					"$(inherited)",
				);
				GCC_WARN_64_TO_32_BIT_CONVERSION = YES;
				GCC_WARN_ABOUT_RETURN_TYPE = YES_ERROR;
				GCC_WARN_UNDECLARED_SELECTOR = YES;
				GCC_WARN_UNINITIALIZED_AUTOS = YES_AGGRESSIVE;
				GCC_WARN_UNUSED_FUNCTION = YES;
				GCC_WARN_UNUSED_VARIABLE = YES;
				MACOSX_DEPLOYMENT_TARGET = 10.12;
				MTL_ENABLE_DEBUG_INFO = YES;
				ONLY_ACTIVE_ARCH = YES;
				SDKROOT = macosx;
				SWIFT_ACTIVE_COMPILATION_CONDITIONS = DEBUG;
				SWIFT_OPTIMIZATION_LEVEL = "-Onone";
			};
			name = Debug;
		};
		9C55CE8E1F4E278A00AB541A /* Release */ = {
			isa = XCBuildConfiguration;
			buildSettings = {
				ALWAYS_SEARCH_USER_PATHS = NO;
				CLANG_ANALYZER_NONNULL = YES;
				CLANG_ANALYZER_NUMBER_OBJECT_CONVERSION = YES_AGGRESSIVE;
				CLANG_CXX_LANGUAGE_STANDARD = "gnu++0x";
				CLANG_CXX_LIBRARY = "libc++";
				CLANG_ENABLE_MODULES = YES;
				CLANG_ENABLE_OBJC_ARC = YES;
				CLANG_WARN_BOOL_CONVERSION = YES;
				CLANG_WARN_CONSTANT_CONVERSION = YES;
				CLANG_WARN_DIRECT_OBJC_ISA_USAGE = YES_ERROR;
				CLANG_WARN_DOCUMENTATION_COMMENTS = YES;
				CLANG_WARN_EMPTY_BODY = YES;
				CLANG_WARN_ENUM_CONVERSION = YES;
				CLANG_WARN_INFINITE_RECURSION = YES;
				CLANG_WARN_INT_CONVERSION = YES;
				CLANG_WARN_OBJC_ROOT_CLASS = YES_ERROR;
				CLANG_WARN_SUSPICIOUS_MOVE = YES;
				CLANG_WARN_UNREACHABLE_CODE = YES;
				CLANG_WARN__DUPLICATE_METHOD_MATCH = YES;
				CODE_SIGN_IDENTITY = "-";
				COPY_PHASE_STRIP = NO;
				DEBUG_INFORMATION_FORMAT = "dwarf-with-dsym";
				ENABLE_NS_ASSERTIONS = NO;
				ENABLE_STRICT_OBJC_MSGSEND = YES;
				GCC_C_LANGUAGE_STANDARD = gnu99;
				GCC_NO_COMMON_BLOCKS = YES;
				GCC_WARN_64_TO_32_BIT_CONVERSION = YES;
				GCC_WARN_ABOUT_RETURN_TYPE = YES_ERROR;
				GCC_WARN_UNDECLARED_SELECTOR = YES;
				GCC_WARN_UNINITIALIZED_AUTOS = YES_AGGRESSIVE;
				GCC_WARN_UNUSED_FUNCTION = YES;
				GCC_WARN_UNUSED_VARIABLE = YES;
				MACOSX_DEPLOYMENT_TARGET = 10.12;
				MTL_ENABLE_DEBUG_INFO = NO;
				SDKROOT = macosx;
				SWIFT_OPTIMIZATION_LEVEL = "-Owholemodule";
			};
			name = Release;
		};
		9C55CE901F4E278A00AB541A /* Debug */ = {
			isa = XCBuildConfiguration;
			buildSettings = {
				ASSETCATALOG_COMPILER_APPICON_NAME = AppIcon;
				CODE_SIGN_IDENTITY = "Mac Developer";
				COMBINE_HIDPI_IMAGES = YES;
				DEVELOPMENT_TEAM = "";
				INFOPLIST_FILE = VideoCapture/Info.plist;
				LD_RUNPATH_SEARCH_PATHS = "$(inherited) @executable_path/../Frameworks";
				PRODUCT_BUNDLE_IDENTIFIER = com.maximaxof.VideoCapture;
				PRODUCT_NAME = "$(TARGET_NAME)";
				PROVISIONING_PROFILE_SPECIFIER = "";
				SWIFT_VERSION = 3.0;
			};
			name = Debug;
		};
		9C55CE911F4E278A00AB541A /* Release */ = {
			isa = XCBuildConfiguration;
			buildSettings = {
				ASSETCATALOG_COMPILER_APPICON_NAME = AppIcon;
				CODE_SIGN_IDENTITY = "Mac Developer";
				COMBINE_HIDPI_IMAGES = YES;
				DEVELOPMENT_TEAM = "";
				INFOPLIST_FILE = VideoCapture/Info.plist;
				LD_RUNPATH_SEARCH_PATHS = "$(inherited) @executable_path/../Frameworks";
				PRODUCT_BUNDLE_IDENTIFIER = com.maximaxof.VideoCapture;
				PRODUCT_NAME = "$(TARGET_NAME)";
				PROVISIONING_PROFILE_SPECIFIER = "";
				SWIFT_VERSION = 3.0;
			};
			name = Release;
		};
		9C55CE931F4E278A00AB541A /* Debug */ = {
			isa = XCBuildConfiguration;
			buildSettings = {
				ALWAYS_EMBED_SWIFT_STANDARD_LIBRARIES = YES;
				BUNDLE_LOADER = "$(TEST_HOST)";
				COMBINE_HIDPI_IMAGES = YES;
				DEVELOPMENT_TEAM = TZ3XHXCR9A;
				INFOPLIST_FILE = VideoCaptureTests/Info.plist;
				LD_RUNPATH_SEARCH_PATHS = "$(inherited) @executable_path/../Frameworks @loader_path/../Frameworks";
				PRODUCT_BUNDLE_IDENTIFIER = com.maximaxof.VideoCaptureTests;
				PRODUCT_NAME = "$(TARGET_NAME)";
				SWIFT_VERSION = 3.0;
				TEST_HOST = "$(BUILT_PRODUCTS_DIR)/VideoCapture.app/Contents/MacOS/VideoCapture";
			};
			name = Debug;
		};
		9C55CE941F4E278A00AB541A /* Release */ = {
			isa = XCBuildConfiguration;
			buildSettings = {
				ALWAYS_EMBED_SWIFT_STANDARD_LIBRARIES = YES;
				BUNDLE_LOADER = "$(TEST_HOST)";
				COMBINE_HIDPI_IMAGES = YES;
				DEVELOPMENT_TEAM = TZ3XHXCR9A;
				INFOPLIST_FILE = VideoCaptureTests/Info.plist;
				LD_RUNPATH_SEARCH_PATHS = "$(inherited) @executable_path/../Frameworks @loader_path/../Frameworks";
				PRODUCT_BUNDLE_IDENTIFIER = com.maximaxof.VideoCaptureTests;
				PRODUCT_NAME = "$(TARGET_NAME)";
				SWIFT_VERSION = 3.0;
				TEST_HOST = "$(BUILT_PRODUCTS_DIR)/VideoCapture.app/Contents/MacOS/VideoCapture";
			};
			name = Release;
		};
		9C55CE961F4E278A00AB541A /* Debug */ = {
			isa = XCBuildConfiguration;
			buildSettings = {
				ALWAYS_EMBED_SWIFT_STANDARD_LIBRARIES = YES;
				COMBINE_HIDPI_IMAGES = YES;
				DEVELOPMENT_TEAM = TZ3XHXCR9A;
				INFOPLIST_FILE = VideoCaptureUITests/Info.plist;
				LD_RUNPATH_SEARCH_PATHS = "$(inherited) @executable_path/../Frameworks @loader_path/../Frameworks";
				PRODUCT_BUNDLE_IDENTIFIER = com.maximaxof.VideoCaptureUITests;
				PRODUCT_NAME = "$(TARGET_NAME)";
				SWIFT_VERSION = 3.0;
				TEST_TARGET_NAME = VideoCapture;
			};
			name = Debug;
		};
		9C55CE971F4E278A00AB541A /* Release */ = {
			isa = XCBuildConfiguration;
			buildSettings = {
				ALWAYS_EMBED_SWIFT_STANDARD_LIBRARIES = YES;
				COMBINE_HIDPI_IMAGES = YES;
				DEVELOPMENT_TEAM = TZ3XHXCR9A;
				INFOPLIST_FILE = VideoCaptureUITests/Info.plist;
				LD_RUNPATH_SEARCH_PATHS = "$(inherited) @executable_path/../Frameworks @loader_path/../Frameworks";
				PRODUCT_BUNDLE_IDENTIFIER = com.maximaxof.VideoCaptureUITests;
				PRODUCT_NAME = "$(TARGET_NAME)";
				SWIFT_VERSION = 3.0;
				TEST_TARGET_NAME = VideoCapture;
			};
			name = Release;
		};
/* End XCBuildConfiguration section */

/* Begin XCConfigurationList section */
		9C55CE651F4E278A00AB541A /* Build configuration list for PBXProject "VideoCapture" */ = {
			isa = XCConfigurationList;
			buildConfigurations = (
				9C55CE8D1F4E278A00AB541A /* Debug */,
				9C55CE8E1F4E278A00AB541A /* Release */,
			);
			defaultConfigurationIsVisible = 0;
			defaultConfigurationName = Release;
		};
		9C55CE8F1F4E278A00AB541A /* Build configuration list for PBXNativeTarget "VideoCapture" */ = {
			isa = XCConfigurationList;
			buildConfigurations = (
				9C55CE901F4E278A00AB541A /* Debug */,
				9C55CE911F4E278A00AB541A /* Release */,
			);
			defaultConfigurationIsVisible = 0;
		};
		9C55CE921F4E278A00AB541A /* Build configuration list for PBXNativeTarget "VideoCaptureTests" */ = {
			isa = XCConfigurationList;
			buildConfigurations = (
				9C55CE931F4E278A00AB541A /* Debug */,
				9C55CE941F4E278A00AB541A /* Release */,
			);
			defaultConfigurationIsVisible = 0;
		};
		9C55CE951F4E278A00AB541A /* Build configuration list for PBXNativeTarget "VideoCaptureUITests" */ = {
			isa = XCConfigurationList;
			buildConfigurations = (
				9C55CE961F4E278A00AB541A /* Debug */,
				9C55CE971F4E278A00AB541A /* Release */,
			);
			defaultConfigurationIsVisible = 0;
		};
/* End XCConfigurationList section */
	};
	rootObject = 9C55CE621F4E278A00AB541A /* Project object */;
}
